// !$*UTF8*$!
{
	archiveVersion = 1;
	classes = {
	};
	objectVersion = 46;
	objects = {

/* Begin PBXBuildFile section */
		9709EC471AA408EA005B890C /* boardController.swift in Sources */ = {isa = PBXBuildFile; fileRef = 9709EC461AA408EA005B890C /* boardController.swift */; };
		976363791AA419C100CEE092 /* users.swift in Sources */ = {isa = PBXBuildFile; fileRef = 976363781AA419C100CEE092 /* users.swift */; };
		97909B9C1AA29FBD00347A77 /* AppDelegate.swift in Sources */ = {isa = PBXBuildFile; fileRef = 97909B9B1AA29FBD00347A77 /* AppDelegate.swift */; };
		97909B9E1AA29FBD00347A77 /* ViewController.swift in Sources */ = {isa = PBXBuildFile; fileRef = 97909B9D1AA29FBD00347A77 /* ViewController.swift */; };
		97909BA11AA29FBD00347A77 /* Main.storyboard in Resources */ = {isa = PBXBuildFile; fileRef = 97909B9F1AA29FBD00347A77 /* Main.storyboard */; };
		97909BA31AA29FBD00347A77 /* Images.xcassets in Resources */ = {isa = PBXBuildFile; fileRef = 97909BA21AA29FBD00347A77 /* Images.xcassets */; };
		97909BA61AA29FBD00347A77 /* LaunchScreen.xib in Resources */ = {isa = PBXBuildFile; fileRef = 97909BA41AA29FBD00347A77 /* LaunchScreen.xib */; };
		97909BB21AA29FBD00347A77 /* InstagramTests.swift in Sources */ = {isa = PBXBuildFile; fileRef = 97909BB11AA29FBD00347A77 /* InstagramTests.swift */; };
		97909BBC1AA2A13500347A77 /* Bolts.framework in Frameworks */ = {isa = PBXBuildFile; fileRef = 97909BBB1AA2A13500347A77 /* Bolts.framework */; };
		97909BBE1AA2A14800347A77 /* Parse.framework in Frameworks */ = {isa = PBXBuildFile; fileRef = 97909BBD1AA2A14800347A77 /* Parse.framework */; };
		97909BC01AA2A18900347A77 /* AudioToolbox.framework in Frameworks */ = {isa = PBXBuildFile; fileRef = 97909BBF1AA2A18900347A77 /* AudioToolbox.framework */; };
		97909BC21AA2A19500347A77 /* CFNetwork.framework in Frameworks */ = {isa = PBXBuildFile; fileRef = 97909BC11AA2A19500347A77 /* CFNetwork.framework */; };
		97909BC41AA2A1A200347A77 /* CoreGraphics.framework in Frameworks */ = {isa = PBXBuildFile; fileRef = 97909BC31AA2A1A200347A77 /* CoreGraphics.framework */; };
		97909BC61AA2A1A900347A77 /* CoreLocation.framework in Frameworks */ = {isa = PBXBuildFile; fileRef = 97909BC51AA2A1A900347A77 /* CoreLocation.framework */; };
		97909BC81AA2A1B300347A77 /* libz.dylib in Frameworks */ = {isa = PBXBuildFile; fileRef = 97909BC71AA2A1B300347A77 /* libz.dylib */; };
		97909BCA1AA2A1BB00347A77 /* MobileCoreServices.framework in Frameworks */ = {isa = PBXBuildFile; fileRef = 97909BC91AA2A1BB00347A77 /* MobileCoreServices.framework */; };
		97909BCC1AA2A1C000347A77 /* QuartzCore.framework in Frameworks */ = {isa = PBXBuildFile; fileRef = 97909BCB1AA2A1C000347A77 /* QuartzCore.framework */; };
		97909BCE1AA2A1C600347A77 /* Security.framework in Frameworks */ = {isa = PBXBuildFile; fileRef = 97909BCD1AA2A1C600347A77 /* Security.framework */; };
		97909BD01AA2A1CC00347A77 /* StoreKit.framework in Frameworks */ = {isa = PBXBuildFile; fileRef = 97909BCF1AA2A1CC00347A77 /* StoreKit.framework */; };
		97909BD21AA2A1D600347A77 /* SystemConfiguration.framework in Frameworks */ = {isa = PBXBuildFile; fileRef = 97909BD11AA2A1D600347A77 /* SystemConfiguration.framework */; };
		97909BD71AA2AD1600347A77 /* libsqlite3.dylib in Frameworks */ = {isa = PBXBuildFile; fileRef = 97909BD61AA2AD1600347A77 /* libsqlite3.dylib */; };
		97909BD91AA2B51700347A77 /* signUpController.swift in Sources */ = {isa = PBXBuildFile; fileRef = 97909BD81AA2B51700347A77 /* signUpController.swift */; };
		97B4F6BD1AA4053500C4584E /* cell.swift in Sources */ = {isa = PBXBuildFile; fileRef = 97B4F6BC1AA4053500C4584E /* cell.swift */; };
		97F7D0AF1AA3EF7C00F25C2D /* postImageViewController.swift in Sources */ = {isa = PBXBuildFile; fileRef = 97F7D0AE1AA3EF7C00F25C2D /* postImageViewController.swift */; };
		97F7D0B11AA3F0BE00F25C2D /* placeholder_png.jpg in Resources */ = {isa = PBXBuildFile; fileRef = 97F7D0B01AA3F0BE00F25C2D /* placeholder_png.jpg */; };
/* End PBXBuildFile section */

/* Begin PBXContainerItemProxy section */
		97909BAC1AA29FBD00347A77 /* PBXContainerItemProxy */ = {
			isa = PBXContainerItemProxy;
			containerPortal = 97909B8E1AA29FBD00347A77 /* Project object */;
			proxyType = 1;
			remoteGlobalIDString = 97909B951AA29FBD00347A77;
			remoteInfo = Instagram;
		};
/* End PBXContainerItemProxy section */

/* Begin PBXFileReference section */
		9709EC461AA408EA005B890C /* boardController.swift */ = {isa = PBXFileReference; fileEncoding = 4; lastKnownFileType = sourcecode.swift; path = boardController.swift; sourceTree = "<group>"; };
		976363781AA419C100CEE092 /* users.swift */ = {isa = PBXFileReference; fileEncoding = 4; lastKnownFileType = sourcecode.swift; path = users.swift; sourceTree = "<group>"; };
		97909B961AA29FBD00347A77 /* Instagram.app */ = {isa = PBXFileReference; explicitFileType = wrapper.application; includeInIndex = 0; path = Instagram.app; sourceTree = BUILT_PRODUCTS_DIR; };
		97909B9A1AA29FBD00347A77 /* Info.plist */ = {isa = PBXFileReference; lastKnownFileType = text.plist.xml; path = Info.plist; sourceTree = "<group>"; };
		97909B9B1AA29FBD00347A77 /* AppDelegate.swift */ = {isa = PBXFileReference; lastKnownFileType = sourcecode.swift; path = AppDelegate.swift; sourceTree = "<group>"; };
		97909B9D1AA29FBD00347A77 /* ViewController.swift */ = {isa = PBXFileReference; lastKnownFileType = sourcecode.swift; path = ViewController.swift; sourceTree = "<group>"; };
		97909BA01AA29FBD00347A77 /* Base */ = {isa = PBXFileReference; lastKnownFileType = file.storyboard; name = Base; path = Base.lproj/Main.storyboard; sourceTree = "<group>"; };
		97909BA21AA29FBD00347A77 /* Images.xcassets */ = {isa = PBXFileReference; lastKnownFileType = folder.assetcatalog; path = Images.xcassets; sourceTree = "<group>"; };
		97909BA51AA29FBD00347A77 /* Base */ = {isa = PBXFileReference; lastKnownFileType = file.xib; name = Base; path = Base.lproj/LaunchScreen.xib; sourceTree = "<group>"; };
		97909BAB1AA29FBD00347A77 /* InstagramTests.xctest */ = {isa = PBXFileReference; explicitFileType = wrapper.cfbundle; includeInIndex = 0; path = InstagramTests.xctest; sourceTree = BUILT_PRODUCTS_DIR; };
		97909BB01AA29FBD00347A77 /* Info.plist */ = {isa = PBXFileReference; lastKnownFileType = text.plist.xml; path = Info.plist; sourceTree = "<group>"; };
		97909BB11AA29FBD00347A77 /* InstagramTests.swift */ = {isa = PBXFileReference; lastKnownFileType = sourcecode.swift; path = InstagramTests.swift; sourceTree = "<group>"; };
		97909BBB1AA2A13500347A77 /* Bolts.framework */ = {isa = PBXFileReference; lastKnownFileType = wrapper.framework; path = Bolts.framework; sourceTree = "<group>"; };
		97909BBD1AA2A14800347A77 /* Parse.framework */ = {isa = PBXFileReference; lastKnownFileType = wrapper.framework; path = Parse.framework; sourceTree = "<group>"; };
		97909BBF1AA2A18900347A77 /* AudioToolbox.framework */ = {isa = PBXFileReference; lastKnownFileType = wrapper.framework; name = AudioToolbox.framework; path = System/Library/Frameworks/AudioToolbox.framework; sourceTree = SDKROOT; };
		97909BC11AA2A19500347A77 /* CFNetwork.framework */ = {isa = PBXFileReference; lastKnownFileType = wrapper.framework; name = CFNetwork.framework; path = System/Library/Frameworks/CFNetwork.framework; sourceTree = SDKROOT; };
		97909BC31AA2A1A200347A77 /* CoreGraphics.framework */ = {isa = PBXFileReference; lastKnownFileType = wrapper.framework; name = CoreGraphics.framework; path = System/Library/Frameworks/CoreGraphics.framework; sourceTree = SDKROOT; };
		97909BC51AA2A1A900347A77 /* CoreLocation.framework */ = {isa = PBXFileReference; lastKnownFileType = wrapper.framework; name = CoreLocation.framework; path = System/Library/Frameworks/CoreLocation.framework; sourceTree = SDKROOT; };
		97909BC71AA2A1B300347A77 /* libz.dylib */ = {isa = PBXFileReference; lastKnownFileType = "compiled.mach-o.dylib"; name = libz.dylib; path = usr/lib/libz.dylib; sourceTree = SDKROOT; };
		97909BC91AA2A1BB00347A77 /* MobileCoreServices.framework */ = {isa = PBXFileReference; lastKnownFileType = wrapper.framework; name = MobileCoreServices.framework; path = System/Library/Frameworks/MobileCoreServices.framework; sourceTree = SDKROOT; };
		97909BCB1AA2A1C000347A77 /* QuartzCore.framework */ = {isa = PBXFileReference; lastKnownFileType = wrapper.framework; name = QuartzCore.framework; path = System/Library/Frameworks/QuartzCore.framework; sourceTree = SDKROOT; };
		97909BCD1AA2A1C600347A77 /* Security.framework */ = {isa = PBXFileReference; lastKnownFileType = wrapper.framework; name = Security.framework; path = System/Library/Frameworks/Security.framework; sourceTree = SDKROOT; };
		97909BCF1AA2A1CC00347A77 /* StoreKit.framework */ = {isa = PBXFileReference; lastKnownFileType = wrapper.framework; name = StoreKit.framework; path = System/Library/Frameworks/StoreKit.framework; sourceTree = SDKROOT; };
		97909BD11AA2A1D600347A77 /* SystemConfiguration.framework */ = {isa = PBXFileReference; lastKnownFileType = wrapper.framework; name = SystemConfiguration.framework; path = System/Library/Frameworks/SystemConfiguration.framework; sourceTree = SDKROOT; };
		97909BD31AA2A20500347A77 /* Instagram-Bridging-Header.h */ = {isa = PBXFileReference; lastKnownFileType = sourcecode.c.h; path = "Instagram-Bridging-Header.h"; sourceTree = "<group>"; };
		97909BD61AA2AD1600347A77 /* libsqlite3.dylib */ = {isa = PBXFileReference; lastKnownFileType = "compiled.mach-o.dylib"; name = libsqlite3.dylib; path = usr/lib/libsqlite3.dylib; sourceTree = SDKROOT; };
		97909BD81AA2B51700347A77 /* signUpController.swift */ = {isa = PBXFileReference; fileEncoding = 4; lastKnownFileType = sourcecode.swift; path = signUpController.swift; sourceTree = "<group>"; };
		97B4F6BC1AA4053500C4584E /* cell.swift */ = {isa = PBXFileReference; fileEncoding = 4; lastKnownFileType = sourcecode.swift; path = cell.swift; sourceTree = "<group>"; };
		97F7D0AE1AA3EF7C00F25C2D /* postImageViewController.swift */ = {isa = PBXFileReference; fileEncoding = 4; lastKnownFileType = sourcecode.swift; path = postImageViewController.swift; sourceTree = "<group>"; };
		97F7D0B01AA3F0BE00F25C2D /* placeholder_png.jpg */ = {isa = PBXFileReference; lastKnownFileType = image.jpeg; path = placeholder_png.jpg; sourceTree = "<group>"; };
/* End PBXFileReference section */

/* Begin PBXFrameworksBuildPhase section */
		97909B931AA29FBD00347A77 /* Frameworks */ = {
			isa = PBXFrameworksBuildPhase;
			buildActionMask = 2147483647;
			files = (
				97909BD71AA2AD1600347A77 /* libsqlite3.dylib in Frameworks */,
				97909BD21AA2A1D600347A77 /* SystemConfiguration.framework in Frameworks */,
				97909BD01AA2A1CC00347A77 /* StoreKit.framework in Frameworks */,
				97909BCE1AA2A1C600347A77 /* Security.framework in Frameworks */,
				97909BCC1AA2A1C000347A77 /* QuartzCore.framework in Frameworks */,
				97909BCA1AA2A1BB00347A77 /* MobileCoreServices.framework in Frameworks */,
				97909BC81AA2A1B300347A77 /* libz.dylib in Frameworks */,
				97909BC61AA2A1A900347A77 /* CoreLocation.framework in Frameworks */,
				97909BC41AA2A1A200347A77 /* CoreGraphics.framework in Frameworks */,
				97909BC21AA2A19500347A77 /* CFNetwork.framework in Frameworks */,
				97909BC01AA2A18900347A77 /* AudioToolbox.framework in Frameworks */,
				97909BBE1AA2A14800347A77 /* Parse.framework in Frameworks */,
				97909BBC1AA2A13500347A77 /* Bolts.framework in Frameworks */,
			);
			runOnlyForDeploymentPostprocessing = 0;
		};
		97909BA81AA29FBD00347A77 /* Frameworks */ = {
			isa = PBXFrameworksBuildPhase;
			buildActionMask = 2147483647;
			files = (
			);
			runOnlyForDeploymentPostprocessing = 0;
		};
/* End PBXFrameworksBuildPhase section */

/* Begin PBXGroup section */
		97909B8D1AA29FBD00347A77 = {
			isa = PBXGroup;
			children = (
				97909BD61AA2AD1600347A77 /* libsqlite3.dylib */,
				97909BD11AA2A1D600347A77 /* SystemConfiguration.framework */,
				97909BCF1AA2A1CC00347A77 /* StoreKit.framework */,
				97909BCD1AA2A1C600347A77 /* Security.framework */,
				97909BCB1AA2A1C000347A77 /* QuartzCore.framework */,
				97909BC91AA2A1BB00347A77 /* MobileCoreServices.framework */,
				97909BC71AA2A1B300347A77 /* libz.dylib */,
				97909BC51AA2A1A900347A77 /* CoreLocation.framework */,
				97909BC31AA2A1A200347A77 /* CoreGraphics.framework */,
				97909BC11AA2A19500347A77 /* CFNetwork.framework */,
				97909BBF1AA2A18900347A77 /* AudioToolbox.framework */,
				97909B981AA29FBD00347A77 /* Instagram */,
				97909BAE1AA29FBD00347A77 /* InstagramTests */,
				97909B971AA29FBD00347A77 /* Products */,
			);
			sourceTree = "<group>";
		};
		97909B971AA29FBD00347A77 /* Products */ = {
			isa = PBXGroup;
			children = (
				97909B961AA29FBD00347A77 /* Instagram.app */,
				97909BAB1AA29FBD00347A77 /* InstagramTests.xctest */,
			);
			name = Products;
			sourceTree = "<group>";
		};
		97909B981AA29FBD00347A77 /* Instagram */ = {
			isa = PBXGroup;
			children = (
				97909BBD1AA2A14800347A77 /* Parse.framework */,
				97909BBB1AA2A13500347A77 /* Bolts.framework */,
				97909B9B1AA29FBD00347A77 /* AppDelegate.swift */,
				97F7D0B01AA3F0BE00F25C2D /* placeholder_png.jpg */,
				97909B9D1AA29FBD00347A77 /* ViewController.swift */,
				97909B9F1AA29FBD00347A77 /* Main.storyboard */,
				976363781AA419C100CEE092 /* users.swift */,
				97B4F6BC1AA4053500C4584E /* cell.swift */,
				97F7D0AE1AA3EF7C00F25C2D /* postImageViewController.swift */,
				9709EC461AA408EA005B890C /* boardController.swift */,
				97909BD81AA2B51700347A77 /* signUpController.swift */,
				97909BA21AA29FBD00347A77 /* Images.xcassets */,
				97909BA41AA29FBD00347A77 /* LaunchScreen.xib */,
				97909B991AA29FBD00347A77 /* Supporting Files */,
				97909BD31AA2A20500347A77 /* Instagram-Bridging-Header.h */,
			);
			path = Instagram;
			sourceTree = "<group>";
		};
		97909B991AA29FBD00347A77 /* Supporting Files */ = {
			isa = PBXGroup;
			children = (
				97909B9A1AA29FBD00347A77 /* Info.plist */,
			);
			name = "Supporting Files";
			sourceTree = "<group>";
		};
		97909BAE1AA29FBD00347A77 /* InstagramTests */ = {
			isa = PBXGroup;
			children = (
				97909BB11AA29FBD00347A77 /* InstagramTests.swift */,
				97909BAF1AA29FBD00347A77 /* Supporting Files */,
			);
			path = InstagramTests;
			sourceTree = "<group>";
		};
		97909BAF1AA29FBD00347A77 /* Supporting Files */ = {
			isa = PBXGroup;
			children = (
				97909BB01AA29FBD00347A77 /* Info.plist */,
			);
			name = "Supporting Files";
			sourceTree = "<group>";
		};
/* End PBXGroup section */

/* Begin PBXNativeTarget section */
		97909B951AA29FBD00347A77 /* Instagram */ = {
			isa = PBXNativeTarget;
			buildConfigurationList = 97909BB51AA29FBD00347A77 /* Build configuration list for PBXNativeTarget "Instagram" */;
			buildPhases = (
				97909B921AA29FBD00347A77 /* Sources */,
				97909B931AA29FBD00347A77 /* Frameworks */,
				97909B941AA29FBD00347A77 /* Resources */,
			);
			buildRules = (
			);
			dependencies = (
			);
			name = Instagram;
			productName = Instagram;
			productReference = 97909B961AA29FBD00347A77 /* Instagram.app */;
			productType = "com.apple.product-type.application";
		};
		97909BAA1AA29FBD00347A77 /* InstagramTests */ = {
			isa = PBXNativeTarget;
			buildConfigurationList = 97909BB81AA29FBD00347A77 /* Build configuration list for PBXNativeTarget "InstagramTests" */;
			buildPhases = (
				97909BA71AA29FBD00347A77 /* Sources */,
				97909BA81AA29FBD00347A77 /* Frameworks */,
				97909BA91AA29FBD00347A77 /* Resources */,
			);
			buildRules = (
			);
			dependencies = (
				97909BAD1AA29FBD00347A77 /* PBXTargetDependency */,
			);
			name = InstagramTests;
			productName = InstagramTests;
			productReference = 97909BAB1AA29FBD00347A77 /* InstagramTests.xctest */;
			productType = "com.apple.product-type.bundle.unit-test";
		};
/* End PBXNativeTarget section */

/* Begin PBXProject section */
		97909B8E1AA29FBD00347A77 /* Project object */ = {
			isa = PBXProject;
			attributes = {
				LastUpgradeCheck = 0610;
				ORGANIZATIONNAME = Xiangrui;
				TargetAttributes = {
					97909B951AA29FBD00347A77 = {
						CreatedOnToolsVersion = 6.1.1;
					};
					97909BAA1AA29FBD00347A77 = {
						CreatedOnToolsVersion = 6.1.1;
						TestTargetID = 97909B951AA29FBD00347A77;
					};
				};
			};
			buildConfigurationList = 97909B911AA29FBD00347A77 /* Build configuration list for PBXProject "Instagram" */;
			compatibilityVersion = "Xcode 3.2";
			developmentRegion = English;
			hasScannedForEncodings = 0;
			knownRegions = (
				en,
				Base,
			);
			mainGroup = 97909B8D1AA29FBD00347A77;
			productRefGroup = 97909B971AA29FBD00347A77 /* Products */;
			projectDirPath = "";
			projectRoot = "";
			targets = (
				97909B951AA29FBD00347A77 /* Instagram */,
				97909BAA1AA29FBD00347A77 /* InstagramTests */,
			);
		};
/* End PBXProject section */

/* Begin PBXResourcesBuildPhase section */
		97909B941AA29FBD00347A77 /* Resources */ = {
			isa = PBXResourcesBuildPhase;
			buildActionMask = 2147483647;
			files = (
				97909BA11AA29FBD00347A77 /* Main.storyboard in Resources */,
				97F7D0B11AA3F0BE00F25C2D /* placeholder_png.jpg in Resources */,
				97909BA61AA29FBD00347A77 /* LaunchScreen.xib in Resources */,
				97909BA31AA29FBD00347A77 /* Images.xcassets in Resources */,
			);
			runOnlyForDeploymentPostprocessing = 0;
		};
		97909BA91AA29FBD00347A77 /* Resources */ = {
			isa = PBXResourcesBuildPhase;
			buildActionMask = 2147483647;
			files = (
			);
			runOnlyForDeploymentPostprocessing = 0;
		};
/* End PBXResourcesBuildPhase section */

/* Begin PBXSourcesBuildPhase section */
		97909B921AA29FBD00347A77 /* Sources */ = {
			isa = PBXSourcesBuildPhase;
			buildActionMask = 2147483647;
			files = (
				976363791AA419C100CEE092 /* users.swift in Sources */,
				97909B9E1AA29FBD00347A77 /* ViewController.swift in Sources */,
				9709EC471AA408EA005B890C /* boardController.swift in Sources */,
				97909B9C1AA29FBD00347A77 /* AppDelegate.swift in Sources */,
				97F7D0AF1AA3EF7C00F25C2D /* postImageViewController.swift in Sources */,
				97909BD91AA2B51700347A77 /* signUpController.swift in Sources */,
				97B4F6BD1AA4053500C4584E /* cell.swift in Sources */,
			);
			runOnlyForDeploymentPostprocessing = 0;
		};
		97909BA71AA29FBD00347A77 /* Sources */ = {
			isa = PBXSourcesBuildPhase;
			buildActionMask = 2147483647;
			files = (
				97909BB21AA29FBD00347A77 /* InstagramTests.swift in Sources */,
			);
			runOnlyForDeploymentPostprocessing = 0;
		};
/* End PBXSourcesBuildPhase section */

/* Begin PBXTargetDependency section */
		97909BAD1AA29FBD00347A77 /* PBXTargetDependency */ = {
			isa = PBXTargetDependency;
			target = 97909B951AA29FBD00347A77 /* Instagram */;
			targetProxy = 97909BAC1AA29FBD00347A77 /* PBXContainerItemProxy */;
		};
/* End PBXTargetDependency section */

/* Begin PBXVariantGroup section */
		97909B9F1AA29FBD00347A77 /* Main.storyboard */ = {
			isa = PBXVariantGroup;
			children = (
				97909BA01AA29FBD00347A77 /* Base */,
			);
			name = Main.storyboard;
			sourceTree = "<group>";
		};
		97909BA41AA29FBD00347A77 /* LaunchScreen.xib */ = {
			isa = PBXVariantGroup;
			children = (
				97909BA51AA29FBD00347A77 /* Base */,
			);
			name = LaunchScreen.xib;
			sourceTree = "<group>";
		};
/* End PBXVariantGroup section */

/* Begin XCBuildConfiguration section */
		97909BB31AA29FBD00347A77 /* Debug */ = {
			isa = XCBuildConfiguration;
			buildSettings = {
				ALWAYS_SEARCH_USER_PATHS = NO;
				CLANG_CXX_LANGUAGE_STANDARD = "gnu++0x";
				CLANG_CXX_LIBRARY = "libc++";
				CLANG_ENABLE_MODULES = YES;
				CLANG_ENABLE_OBJC_ARC = YES;
				CLANG_WARN_BOOL_CONVERSION = YES;
				CLANG_WARN_CONSTANT_CONVERSION = YES;
				CLANG_WARN_DIRECT_OBJC_ISA_USAGE = YES_ERROR;
				CLANG_WARN_EMPTY_BODY = YES;
				CLANG_WARN_ENUM_CONVERSION = YES;
				CLANG_WARN_INT_CONVERSION = YES;
				CLANG_WARN_OBJC_ROOT_CLASS = YES_ERROR;
				CLANG_WARN_UNREACHABLE_CODE = YES;
				CLANG_WARN__DUPLICATE_METHOD_MATCH = YES;
				"CODE_SIGN_IDENTITY[sdk=iphoneos*]" = "iPhone Developer";
				COPY_PHASE_STRIP = NO;
				ENABLE_STRICT_OBJC_MSGSEND = YES;
				GCC_C_LANGUAGE_STANDARD = gnu99;
				GCC_DYNAMIC_NO_PIC = NO;
				GCC_OPTIMIZATION_LEVEL = 0;
				GCC_PREPROCESSOR_DEFINITIONS = (
					"DEBUG=1",
					"$(inherited)",
				);
				GCC_SYMBOLS_PRIVATE_EXTERN = NO;
				GCC_WARN_64_TO_32_BIT_CONVERSION = YES;
				GCC_WARN_ABOUT_RETURN_TYPE = YES_ERROR;
				GCC_WARN_UNDECLARED_SELECTOR = YES;
				GCC_WARN_UNINITIALIZED_AUTOS = YES_AGGRESSIVE;
				GCC_WARN_UNUSED_FUNCTION = YES;
				GCC_WARN_UNUSED_VARIABLE = YES;
				IPHONEOS_DEPLOYMENT_TARGET = 8.1;
				MTL_ENABLE_DEBUG_INFO = YES;
				ONLY_ACTIVE_ARCH = YES;
				SDKROOT = iphoneos;
				SWIFT_OPTIMIZATION_LEVEL = "-Onone";
			};
			name = Debug;
		};
		97909BB41AA29FBD00347A77 /* Release */ = {
			isa = XCBuildConfiguration;
			buildSettings = {
				ALWAYS_SEARCH_USER_PATHS = NO;
				CLANG_CXX_LANGUAGE_STANDARD = "gnu++0x";
				CLANG_CXX_LIBRARY = "libc++";
				CLANG_ENABLE_MODULES = YES;
				CLANG_ENABLE_OBJC_ARC = YES;
				CLANG_WARN_BOOL_CONVERSION = YES;
				CLANG_WARN_CONSTANT_CONVERSION = YES;
				CLANG_WARN_DIRECT_OBJC_ISA_USAGE = YES_ERROR;
				CLANG_WARN_EMPTY_BODY = YES;
				CLANG_WARN_ENUM_CONVERSION = YES;
				CLANG_WARN_INT_CONVERSION = YES;
				CLANG_WARN_OBJC_ROOT_CLASS = YES_ERROR;
				CLANG_WARN_UNREACHABLE_CODE = YES;
				CLANG_WARN__DUPLICATE_METHOD_MATCH = YES;
				"CODE_SIGN_IDENTITY[sdk=iphoneos*]" = "iPhone Developer";
				COPY_PHASE_STRIP = YES;
				ENABLE_NS_ASSERTIONS = NO;
				ENABLE_STRICT_OBJC_MSGSEND = YES;
				GCC_C_LANGUAGE_STANDARD = gnu99;
				GCC_WARN_64_TO_32_BIT_CONVERSION = YES;
				GCC_WARN_ABOUT_RETURN_TYPE = YES_ERROR;
				GCC_WARN_UNDECLARED_SELECTOR = YES;
				GCC_WARN_UNINITIALIZED_AUTOS = YES_AGGRESSIVE;
				GCC_WARN_UNUSED_FUNCTION = YES;
				GCC_WARN_UNUSED_VARIABLE = YES;
				IPHONEOS_DEPLOYMENT_TARGET = 8.1;
				MTL_ENABLE_DEBUG_INFO = NO;
				SDKROOT = iphoneos;
				VALIDATE_PRODUCT = YES;
			};
			name = Release;
		};
		97909BB61AA29FBD00347A77 /* Debug */ = {
			isa = XCBuildConfiguration;
			buildSettings = {
				ASSETCATALOG_COMPILER_APPICON_NAME = AppIcon;
				CLANG_ENABLE_MODULES = YES;
				FRAMEWORK_SEARCH_PATHS = (
					"$(inherited)",
					"$(PROJECT_DIR)/Instagram",
				);
				INFOPLIST_FILE = Instagram/Info.plist;
				LD_RUNPATH_SEARCH_PATHS = "$(inherited) @executable_path/Frameworks";
				PRODUCT_NAME = "$(TARGET_NAME)";
				SWIFT_OBJC_BRIDGING_HEADER = "Instagram/Instagram-Bridging-Header.h";
				SWIFT_OPTIMIZATION_LEVEL = "-Onone";
			};
			name = Debug;
		};
		97909BB71AA29FBD00347A77 /* Release */ = {
			isa = XCBuildConfiguration;
			buildSettings = {
				ASSETCATALOG_COMPILER_APPICON_NAME = AppIcon;
				CLANG_ENABLE_MODULES = YES;
				FRAMEWORK_SEARCH_PATHS = (
					"$(inherited)",
					"$(PROJECT_DIR)/Instagram",
				);
				INFOPLIST_FILE = Instagram/Info.plist;
				LD_RUNPATH_SEARCH_PATHS = "$(inherited) @executable_path/Frameworks";
				PRODUCT_NAME = "$(TARGET_NAME)";
				SWIFT_OBJC_BRIDGING_HEADER = "Instagram/Instagram-Bridging-Header.h";
			};
			name = Release;
		};
		97909BB91AA29FBD00347A77 /* Debug */ = {
			isa = XCBuildConfiguration;
			buildSettings = {
				BUNDLE_LOADER = "$(TEST_HOST)";
				FRAMEWORK_SEARCH_PATHS = (
					"$(SDKROOT)/Developer/Library/Frameworks",
					"$(inherited)",
				);
				GCC_PREPROCESSOR_DEFINITIONS = (
					"DEBUG=1",
					"$(inherited)",
				);
				INFOPLIST_FILE = InstagramTests/Info.plist;
				LD_RUNPATH_SEARCH_PATHS = "$(inherited) @executable_path/Frameworks @loader_path/Frameworks";
				PRODUCT_NAME = "$(TARGET_NAME)";
				TEST_HOST = "$(BUILT_PRODUCTS_DIR)/Instagram.app/Instagram";
			};
			name = Debug;
		};
		97909BBA1AA29FBD00347A77 /* Release */ = {
			isa = XCBuildConfiguration;
			buildSettings = {
				BUNDLE_LOADER = "$(TEST_HOST)";
				FRAMEWORK_SEARCH_PATHS = (
					"$(SDKROOT)/Developer/Library/Frameworks",
					"$(inherited)",
				);
				INFOPLIST_FILE = InstagramTests/Info.plist;
				LD_RUNPATH_SEARCH_PATHS = "$(inherited) @executable_path/Frameworks @loader_path/Frameworks";
				PRODUCT_NAME = "$(TARGET_NAME)";
				TEST_HOST = "$(BUILT_PRODUCTS_DIR)/Instagram.app/Instagram";
			};
			name = Release;
		};
/* End XCBuildConfiguration section */

/* Begin XCConfigurationList section */
		97909B911AA29FBD00347A77 /* Build configuration list for PBXProject "Instagram" */ = {
			isa = XCConfigurationList;
			buildConfigurations = (
				97909BB31AA29FBD00347A77 /* Debug */,
				97909BB41AA29FBD00347A77 /* Release */,
			);
			defaultConfigurationIsVisible = 0;
			defaultConfigurationName = Release;
		};
		97909BB51AA29FBD00347A77 /* Build configuration list for PBXNativeTarget "Instagram" */ = {
			isa = XCConfigurationList;
			buildConfigurations = (
				97909BB61AA29FBD00347A77 /* Debug */,
				97909BB71AA29FBD00347A77 /* Release */,
			);
			defaultConfigurationIsVisible = 0;
			defaultConfigurationName = Release;
		};
		97909BB81AA29FBD00347A77 /* Build configuration list for PBXNativeTarget "InstagramTests" */ = {
			isa = XCConfigurationList;
			buildConfigurations = (
				97909BB91AA29FBD00347A77 /* Debug */,
				97909BBA1AA29FBD00347A77 /* Release */,
			);
			defaultConfigurationIsVisible = 0;
			defaultConfigurationName = Release;
		};
/* End XCConfigurationList section */
	};
	rootObject = 97909B8E1AA29FBD00347A77 /* Project object */;
}
